
Microsoft Visual Studio Solution File, Format Version 12.00
# Visual Studio Version 16
VisualStudioVersion = 16.6.30114.105
MinimumVisualStudioVersion = 10.0.40219.1
Project("{2150E333-8FDC-42A3-9474-1A3956D46DE8}") = "src", "src", "{D0169A1F-5D8F-4EC6-8747-A1ED3B9A00FC}"
EndProject
Project("{FAE04EC0-301F-11D3-BF4B-00C04F79EFBC}") = "GradeBook", "src\GradeBook\GradeBook.csproj", "{3CA1667D-55B4-45A5-ADA9-694D5A73E813}"
EndProject
Project("{2150E333-8FDC-42A3-9474-1A3956D46DE8}") = "test", "test", "{9D1AC990-BFDD-44BB-94E4-BA6796CA9AC1}"
EndProject
Project("{FAE04EC0-301F-11D3-BF4B-00C04F79EFBC}") = "GradeBook.Test", "test\GradeBook.Test\GradeBook.Test.csproj", "{3648D494-34AD-4F9D-9FAE-5629875695E6}"
EndProject
Global
	GlobalSection(SolutionConfigurationPlatforms) = preSolution
		Debug|Any CPU = Debug|Any CPU
		Debug|x64 = Debug|x64
		Debug|x86 = Debug|x86
		Release|Any CPU = Release|Any CPU
		Release|x64 = Release|x64
		Release|x86 = Release|x86
	EndGlobalSection
	GlobalSection(SolutionProperties) = preSolution
		HideSolutionNode = FALSE
	EndGlobalSection
	GlobalSection(ProjectConfigurationPlatforms) = postSolution
		{3CA1667D-55B4-45A5-ADA9-694D5A73E813}.Debug|Any CPU.ActiveCfg = Debug|Any CPU
		{3CA1667D-55B4-45A5-ADA9-694D5A73E813}.Debug|Any CPU.Build.0 = Debug|Any CPU
		{3CA1667D-55B4-45A5-ADA9-694D5A73E813}.Debug|x64.ActiveCfg = Debug|Any CPU
		{3CA1667D-55B4-45A5-ADA9-694D5A73E813}.Debug|x64.Build.0 = Debug|Any CPU
		{3CA1667D-55B4-45A5-ADA9-694D5A73E813}.Debug|x86.ActiveCfg = Debug|Any CPU
		{3CA1667D-55B4-45A5-ADA9-694D5A73E813}.Debug|x86.Build.0 = Debug|Any CPU
		{3CA1667D-55B4-45A5-ADA9-694D5A73E813}.Release|Any CPU.ActiveCfg = Release|Any CPU
		{3CA1667D-55B4-45A5-ADA9-694D5A73E813}.Release|Any CPU.Build.0 = Release|Any CPU
		{3CA1667D-55B4-45A5-ADA9-694D5A73E813}.Release|x64.ActiveCfg = Release|Any CPU
		{3CA1667D-55B4-45A5-ADA9-694D5A73E813}.Release|x64.Build.0 = Release|Any CPU
		{3CA1667D-55B4-45A5-ADA9-694D5A73E813}.Release|x86.ActiveCfg = Release|Any CPU
		{3CA1667D-55B4-45A5-ADA9-694D5A73E813}.Release|x86.Build.0 = Release|Any CPU
		{3648D494-34AD-4F9D-9FAE-5629875695E6}.Debug|Any CPU.ActiveCfg = Debug|Any CPU
		{3648D494-34AD-4F9D-9FAE-5629875695E6}.Debug|Any CPU.Build.0 = Debug|Any CPU
		{3648D494-34AD-4F9D-9FAE-5629875695E6}.Debug|x64.ActiveCfg = Debug|Any CPU
		{3648D494-34AD-4F9D-9FAE-5629875695E6}.Debug|x64.Build.0 = Debug|Any CPU
		{3648D494-34AD-4F9D-9FAE-5629875695E6}.Debug|x86.ActiveCfg = Debug|Any CPU
		{3648D494-34AD-4F9D-9FAE-5629875695E6}.Debug|x86.Build.0 = Debug|Any CPU
		{3648D494-34AD-4F9D-9FAE-5629875695E6}.Release|Any CPU.ActiveCfg = Release|Any CPU
		{3648D494-34AD-4F9D-9FAE-5629875695E6}.Release|Any CPU.Build.0 = Release|Any CPU
		{3648D494-34AD-4F9D-9FAE-5629875695E6}.Release|x64.ActiveCfg = Release|Any CPU
		{3648D494-34AD-4F9D-9FAE-5629875695E6}.Release|x64.Build.0 = Release|Any CPU
		{3648D494-34AD-4F9D-9FAE-5629875695E6}.Release|x86.ActiveCfg = Release|Any CPU
		{3648D494-34AD-4F9D-9FAE-5629875695E6}.Release|x86.Build.0 = Release|Any CPU
	EndGlobalSection
	GlobalSection(NestedProjects) = preSolution
		{3CA1667D-55B4-45A5-ADA9-694D5A73E813} = {D0169A1F-5D8F-4EC6-8747-A1ED3B9A00FC}
		{3648D494-34AD-4F9D-9FAE-5629875695E6} = {9D1AC990-BFDD-44BB-94E4-BA6796CA9AC1}
	EndGlobalSection
EndGlobal
